
Microsoft Visual Studio Solution File, Format Version 12.00
# Visual Studio Version 16
VisualStudioVersion = 16.0.30503.244
MinimumVisualStudioVersion = 10.0.40219.1
Project("{FAE04EC0-301F-11D3-BF4B-00C04F79EFBC}") = "GopMang", "GopMang\GopMang.csproj", "{00613B62-F1DE-4058-8621-6491924F7EC2}"
EndProject
Global
	GlobalSection(SolutionConfigurationPlatforms) = preSolution
		Debug|Any CPU = Debug|Any CPU
		Release|Any CPU = Release|Any CPU
	EndGlobalSection
	GlobalSection(ProjectConfigurationPlatforms) = postSolution
		{00613B62-F1DE-4058-8621-6491924F7EC2}.Debug|Any CPU.ActiveCfg = Debug|Any CPU
		{00613B62-F1DE-4058-8621-6491924F7EC2}.Debug|Any CPU.Build.0 = Debug|Any CPU
		{00613B62-F1DE-4058-8621-6491924F7EC2}.Release|Any CPU.ActiveCfg = Release|Any CPU
		{00613B62-F1DE-4058-8621-6491924F7EC2}.Release|Any CPU.Build.0 = Release|Any CPU
	EndGlobalSection
	GlobalSection(SolutionProperties) = preSolution
		HideSolutionNode = FALSE
	EndGlobalSection
	GlobalSection(ExtensibilityGlobals) = postSolution
		SolutionGuid = {C27B731E-9D5C-44AE-A5A7-C8C76DB08E89}
	EndGlobalSection
EndGlobal
